
Microsoft Visual Studio Solution File, Format Version 12.00
# Visual Studio 2012
Project("{8BC9CEB8-8B4A-11D0-8D11-00A0C91BC942}") = "Proyecto Progra N.2", "Proyecto Progra N.2\Proyecto Progra N.2.vcxproj", "{5073659B-0200-480A-AC2B-2D8F0647DA76}"
EndProject
Global
	GlobalSection(SolutionConfigurationPlatforms) = preSolution
		Debug|Win32 = Debug|Win32
		Release|Win32 = Release|Win32
	EndGlobalSection
	GlobalSection(ProjectConfigurationPlatforms) = postSolution
		{5073659B-0200-480A-AC2B-2D8F0647DA76}.Debug|Win32.ActiveCfg = Debug|Win32
		{5073659B-0200-480A-AC2B-2D8F0647DA76}.Debug|Win32.Build.0 = Debug|Win32
		{5073659B-0200-480A-AC2B-2D8F0647DA76}.Release|Win32.ActiveCfg = Release|Win32
		{5073659B-0200-480A-AC2B-2D8F0647DA76}.Release|Win32.Build.0 = Release|Win32
	EndGlobalSection
	GlobalSection(SolutionProperties) = preSolution
		HideSolutionNode = FALSE
	EndGlobalSection
EndGlobal
